
Microsoft Visual Studio Solution File, Format Version 12.00
# Visual Studio 2012
Project("{FAE04EC0-301F-11D3-BF4B-00C04F79EFBC}") = "AssignTray2Patholog", "AssignTray2Patholog\AssignTray2Patholog.csproj", "{1A3923DC-50F0-41A2-BE89-9AB88E9AD185}"
EndProject
Project("{FAE04EC0-301F-11D3-BF4B-00C04F79EFBC}") = "WpfApplication4", "..\..\Novellus\WpfApplication4\WpfApplication4.csproj", "{8F857986-388F-468A-A42B-BCA7BB499380}"
EndProject
Global
	GlobalSection(SolutionConfigurationPlatforms) = preSolution
		Debug|Any CPU = Debug|Any CPU
		Release|Any CPU = Release|Any CPU
	EndGlobalSection
	GlobalSection(ProjectConfigurationPlatforms) = postSolution
		{1A3923DC-50F0-41A2-BE89-9AB88E9AD185}.Debug|Any CPU.ActiveCfg = Debug|Any CPU
		{1A3923DC-50F0-41A2-BE89-9AB88E9AD185}.Debug|Any CPU.Build.0 = Debug|Any CPU
		{1A3923DC-50F0-41A2-BE89-9AB88E9AD185}.Release|Any CPU.ActiveCfg = Release|Any CPU
		{1A3923DC-50F0-41A2-BE89-9AB88E9AD185}.Release|Any CPU.Build.0 = Release|Any CPU
		{8F857986-388F-468A-A42B-BCA7BB499380}.Debug|Any CPU.ActiveCfg = Debug|Any CPU
		{8F857986-388F-468A-A42B-BCA7BB499380}.Debug|Any CPU.Build.0 = Debug|Any CPU
		{8F857986-388F-468A-A42B-BCA7BB499380}.Release|Any CPU.ActiveCfg = Release|Any CPU
		{8F857986-388F-468A-A42B-BCA7BB499380}.Release|Any CPU.Build.0 = Release|Any CPU
	EndGlobalSection
	GlobalSection(SolutionProperties) = preSolution
		HideSolutionNode = FALSE
	EndGlobalSection
	GlobalSection(ExtensibilityGlobals) = postSolution
		SolutionGuid = {5163B44B-5D97-4F3D-AFD3-67C440C0B80A}
	EndGlobalSection
EndGlobal
